{
  "name": "@ajay-sdk/doctor",
  "version": "0.1.6",
  "lockfileVersion": 1,
  "requires": true,
  "dependencies": {
    "@ajay-sdk/patient": {
      "version": "0.0.12",
      "resolved": "https://registry.npmjs.org/@ajay-sdk/patient/-/patient-0.0.12.tgz",
      "integrity": "sha512-twnL7sZncMl2LBhQ8+DXBYlnXf+Dkl4N3qLjCJ9/JCZPAb/4WoJRTfiDjMOcFFmkn+ANLK+XTeNqz9mP8nlMxA=="
    }
  }
}
